
Microsoft Visual Studio Solution File, Format Version 12.00
# Visual Studio Version 17
VisualStudioVersion = 17.7.34003.232
MinimumVisualStudioVersion = 10.0.40219.1
Project("{FAE04EC0-301F-11D3-BF4B-00C04F79EFBC}") = "ProyectoInvestigacion.Shared", "ProyectoInvestigacion.Shared\ProyectoInvestigacion.Shared.csproj", "{819195F0-98D6-47BB-9FC7-D93923B7A56F}"
EndProject
Project("{FAE04EC0-301F-11D3-BF4B-00C04F79EFBC}") = "ProyectoInvestigacion.API", "ProyectoInvestigacion.API\ProyectoInvestigacion.API.csproj", "{04133298-F719-4ED0-9902-850EB8B37068}"
EndProject
Project("{FAE04EC0-301F-11D3-BF4B-00C04F79EFBC}") = "ProyectoInvestigacion.WEB", "ProyectoInvestigacion.WEB\ProyectoInvestigacion.WEB.csproj", "{12BE87E8-B370-4F38-BB4D-05AB4FDF86C7}"
EndProject
Global
	GlobalSection(SolutionConfigurationPlatforms) = preSolution
		Debug|Any CPU = Debug|Any CPU
		Release|Any CPU = Release|Any CPU
	EndGlobalSection
	GlobalSection(ProjectConfigurationPlatforms) = postSolution
		{819195F0-98D6-47BB-9FC7-D93923B7A56F}.Debug|Any CPU.ActiveCfg = Debug|Any CPU
		{819195F0-98D6-47BB-9FC7-D93923B7A56F}.Debug|Any CPU.Build.0 = Debug|Any CPU
		{819195F0-98D6-47BB-9FC7-D93923B7A56F}.Release|Any CPU.ActiveCfg = Release|Any CPU
		{819195F0-98D6-47BB-9FC7-D93923B7A56F}.Release|Any CPU.Build.0 = Release|Any CPU
		{04133298-F719-4ED0-9902-850EB8B37068}.Debug|Any CPU.ActiveCfg = Debug|Any CPU
		{04133298-F719-4ED0-9902-850EB8B37068}.Debug|Any CPU.Build.0 = Debug|Any CPU
		{04133298-F719-4ED0-9902-850EB8B37068}.Release|Any CPU.ActiveCfg = Release|Any CPU
		{04133298-F719-4ED0-9902-850EB8B37068}.Release|Any CPU.Build.0 = Release|Any CPU
		{12BE87E8-B370-4F38-BB4D-05AB4FDF86C7}.Debug|Any CPU.ActiveCfg = Debug|Any CPU
		{12BE87E8-B370-4F38-BB4D-05AB4FDF86C7}.Debug|Any CPU.Build.0 = Debug|Any CPU
		{12BE87E8-B370-4F38-BB4D-05AB4FDF86C7}.Release|Any CPU.ActiveCfg = Release|Any CPU
		{12BE87E8-B370-4F38-BB4D-05AB4FDF86C7}.Release|Any CPU.Build.0 = Release|Any CPU
	EndGlobalSection
	GlobalSection(SolutionProperties) = preSolution
		HideSolutionNode = FALSE
	EndGlobalSection
	GlobalSection(ExtensibilityGlobals) = postSolution
		SolutionGuid = {A0D84E47-5E49-498C-AF5A-10FD02B1FBEF}
	EndGlobalSection
EndGlobal
